
Microsoft Visual Studio Solution File, Format Version 12.00
# Visual Studio Version 17
VisualStudioVersion = 17.0.31903.59
MinimumVisualStudioVersion = 10.0.40219.1
Project("{FAE04EC0-301F-11D3-BF4B-00C04F79EFBC}") = "ReachabilitySamples", "samples\ReachabilitySamples.csproj", "{98BC97BA-981E-492A-9FC8-01204A1F20B7}"
EndProject
Project("{FAE04EC0-301F-11D3-BF4B-00C04F79EFBC}") = "ReachabilityBindings", "src\ReachabilityBindings.csproj", "{BADA7B46-5BF4-4FC2-A9A5-8430AC9CF273}"
EndProject
Global
	GlobalSection(SolutionConfigurationPlatforms) = preSolution
		Debug|Any CPU = Debug|Any CPU
		Release|Any CPU = Release|Any CPU
	EndGlobalSection
	GlobalSection(SolutionProperties) = preSolution
		HideSolutionNode = FALSE
	EndGlobalSection
	GlobalSection(ProjectConfigurationPlatforms) = postSolution
		{98BC97BA-981E-492A-9FC8-01204A1F20B7}.Debug|Any CPU.ActiveCfg = Debug|Any CPU
		{98BC97BA-981E-492A-9FC8-01204A1F20B7}.Debug|Any CPU.Build.0 = Debug|Any CPU
		{98BC97BA-981E-492A-9FC8-01204A1F20B7}.Release|Any CPU.ActiveCfg = Release|Any CPU
		{98BC97BA-981E-492A-9FC8-01204A1F20B7}.Release|Any CPU.Build.0 = Release|Any CPU
		{BADA7B46-5BF4-4FC2-A9A5-8430AC9CF273}.Debug|Any CPU.ActiveCfg = Debug|Any CPU
		{BADA7B46-5BF4-4FC2-A9A5-8430AC9CF273}.Debug|Any CPU.Build.0 = Debug|Any CPU
		{BADA7B46-5BF4-4FC2-A9A5-8430AC9CF273}.Release|Any CPU.ActiveCfg = Release|Any CPU
		{BADA7B46-5BF4-4FC2-A9A5-8430AC9CF273}.Release|Any CPU.Build.0 = Release|Any CPU
	EndGlobalSection
EndGlobal
